
Microsoft Visual Studio Solution File, Format Version 12.00
# Visual Studio 15
VisualStudioVersion = 15.0.28010.2041
MinimumVisualStudioVersion = 10.0.40219.1
Project("{FAE04EC0-301F-11D3-BF4B-00C04F79EFBC}") = "UkrAlph", "UkrAlph.csproj", "{F24FEE58-9D0D-4F71-A9D0-31315AEE1FF2}"
EndProject
Global
	GlobalSection(SolutionConfigurationPlatforms) = preSolution
		Debug|Any CPU = Debug|Any CPU
		Release|Any CPU = Release|Any CPU
	EndGlobalSection
	GlobalSection(ProjectConfigurationPlatforms) = postSolution
		{F24FEE58-9D0D-4F71-A9D0-31315AEE1FF2}.Debug|Any CPU.ActiveCfg = Debug|Any CPU
		{F24FEE58-9D0D-4F71-A9D0-31315AEE1FF2}.Debug|Any CPU.Build.0 = Debug|Any CPU
		{F24FEE58-9D0D-4F71-A9D0-31315AEE1FF2}.Release|Any CPU.ActiveCfg = Release|Any CPU
		{F24FEE58-9D0D-4F71-A9D0-31315AEE1FF2}.Release|Any CPU.Build.0 = Release|Any CPU
	EndGlobalSection
	GlobalSection(SolutionProperties) = preSolution
		HideSolutionNode = FALSE
	EndGlobalSection
	GlobalSection(ExtensibilityGlobals) = postSolution
		SolutionGuid = {4B179EF5-23C2-4697-8AFE-3E23D7BE4B27}
	EndGlobalSection
EndGlobal
